
Microsoft Visual Studio Solution File, Format Version 12.00
# Visual Studio Version 16
VisualStudioVersion = 16.0.31624.102
MinimumVisualStudioVersion = 10.0.40219.1
Project("{FAE04EC0-301F-11D3-BF4B-00C04F79EFBC}") = "LoopsAndRandomNumbers", "LoopsAndRandomNumbers\LoopsAndRandomNumbers.csproj", "{80364A26-CCEF-4E40-B65C-68D4E0AD2662}"
EndProject
Project("{FAE04EC0-301F-11D3-BF4B-00C04F79EFBC}") = "PINInfiniteLoop", "PINInfiniteLoop\PINInfiniteLoop.csproj", "{97948D91-F4FB-4A97-A0CA-95B32C6D52EC}"
EndProject
Project("{FAE04EC0-301F-11D3-BF4B-00C04F79EFBC}") = "RandomNumber", "RandomNumber\RandomNumber.csproj", "{E3F3C64A-DCFA-4863-8681-3ABB5E3FBD0E}"
EndProject
Project("{FAE04EC0-301F-11D3-BF4B-00C04F79EFBC}") = "GuessingGameInfinite", "GuessingGameInfinite\GuessingGameInfinite.csproj", "{BDB61D9B-E286-4370-AF58-AA3FDAA6E2F4}"
EndProject
Project("{FAE04EC0-301F-11D3-BF4B-00C04F79EFBC}") = "GuessingGameThreeTries", "GuessingGameThreeTries\GuessingGameThreeTries.csproj", "{C9731A3B-3DCC-4C1C-84D6-4BF83BE0CFA0}"
EndProject
Global
	GlobalSection(SolutionConfigurationPlatforms) = preSolution
		Debug|Any CPU = Debug|Any CPU
		Release|Any CPU = Release|Any CPU
	EndGlobalSection
	GlobalSection(ProjectConfigurationPlatforms) = postSolution
		{80364A26-CCEF-4E40-B65C-68D4E0AD2662}.Debug|Any CPU.ActiveCfg = Debug|Any CPU
		{80364A26-CCEF-4E40-B65C-68D4E0AD2662}.Debug|Any CPU.Build.0 = Debug|Any CPU
		{80364A26-CCEF-4E40-B65C-68D4E0AD2662}.Release|Any CPU.ActiveCfg = Release|Any CPU
		{80364A26-CCEF-4E40-B65C-68D4E0AD2662}.Release|Any CPU.Build.0 = Release|Any CPU
		{97948D91-F4FB-4A97-A0CA-95B32C6D52EC}.Debug|Any CPU.ActiveCfg = Debug|Any CPU
		{97948D91-F4FB-4A97-A0CA-95B32C6D52EC}.Debug|Any CPU.Build.0 = Debug|Any CPU
		{97948D91-F4FB-4A97-A0CA-95B32C6D52EC}.Release|Any CPU.ActiveCfg = Release|Any CPU
		{97948D91-F4FB-4A97-A0CA-95B32C6D52EC}.Release|Any CPU.Build.0 = Release|Any CPU
		{E3F3C64A-DCFA-4863-8681-3ABB5E3FBD0E}.Debug|Any CPU.ActiveCfg = Debug|Any CPU
		{E3F3C64A-DCFA-4863-8681-3ABB5E3FBD0E}.Debug|Any CPU.Build.0 = Debug|Any CPU
		{E3F3C64A-DCFA-4863-8681-3ABB5E3FBD0E}.Release|Any CPU.ActiveCfg = Release|Any CPU
		{E3F3C64A-DCFA-4863-8681-3ABB5E3FBD0E}.Release|Any CPU.Build.0 = Release|Any CPU
		{BDB61D9B-E286-4370-AF58-AA3FDAA6E2F4}.Debug|Any CPU.ActiveCfg = Debug|Any CPU
		{BDB61D9B-E286-4370-AF58-AA3FDAA6E2F4}.Debug|Any CPU.Build.0 = Debug|Any CPU
		{BDB61D9B-E286-4370-AF58-AA3FDAA6E2F4}.Release|Any CPU.ActiveCfg = Release|Any CPU
		{BDB61D9B-E286-4370-AF58-AA3FDAA6E2F4}.Release|Any CPU.Build.0 = Release|Any CPU
		{C9731A3B-3DCC-4C1C-84D6-4BF83BE0CFA0}.Debug|Any CPU.ActiveCfg = Debug|Any CPU
		{C9731A3B-3DCC-4C1C-84D6-4BF83BE0CFA0}.Debug|Any CPU.Build.0 = Debug|Any CPU
		{C9731A3B-3DCC-4C1C-84D6-4BF83BE0CFA0}.Release|Any CPU.ActiveCfg = Release|Any CPU
		{C9731A3B-3DCC-4C1C-84D6-4BF83BE0CFA0}.Release|Any CPU.Build.0 = Release|Any CPU
	EndGlobalSection
	GlobalSection(SolutionProperties) = preSolution
		HideSolutionNode = FALSE
	EndGlobalSection
	GlobalSection(ExtensibilityGlobals) = postSolution
		SolutionGuid = {F28DA44A-E526-49E2-BBE3-3DAEFD9AF329}
	EndGlobalSection
EndGlobal
